// !$*UTF8*$!
{
	archiveVersion = 1;
	classes = {
	};
	objectVersion = 46;
	objects = {

/* Begin PBXBuildFile section */
		1F95CFFB2B7C8F456C0AE37F /* Pods_TestKitchen.framework in Frameworks */ = {isa = PBXBuildFile; fileRef = 27F786B4B5E0035F129767A8 /* Pods_TestKitchen.framework */; };
		BC385BE21D6151B300C5BFA6 /* AppDelegate.swift in Sources */ = {isa = PBXBuildFile; fileRef = BC385BE11D6151B300C5BFA6 /* AppDelegate.swift */; };
		BC385BE41D6151B300C5BFA6 /* ViewController.swift in Sources */ = {isa = PBXBuildFile; fileRef = BC385BE31D6151B300C5BFA6 /* ViewController.swift */; };
		BC385BE71D6151B300C5BFA6 /* Main.storyboard in Resources */ = {isa = PBXBuildFile; fileRef = BC385BE51D6151B300C5BFA6 /* Main.storyboard */; };
		BC385BE91D6151B300C5BFA6 /* Assets.xcassets in Resources */ = {isa = PBXBuildFile; fileRef = BC385BE81D6151B300C5BFA6 /* Assets.xcassets */; };
		BC385BEC1D6151B300C5BFA6 /* LaunchScreen.storyboard in Resources */ = {isa = PBXBuildFile; fileRef = BC385BEA1D6151B300C5BFA6 /* LaunchScreen.storyboard */; };
		BC385BF71D6151B400C5BFA6 /* TestKitchenTests.swift in Sources */ = {isa = PBXBuildFile; fileRef = BC385BF61D6151B400C5BFA6 /* TestKitchenTests.swift */; };
		BC385C021D6151B400C5BFA6 /* TestKitchenUITests.swift in Sources */ = {isa = PBXBuildFile; fileRef = BC385C011D6151B400C5BFA6 /* TestKitchenUITests.swift */; };
		BC385C391D61554700C5BFA6 /* AppIcon29x29@2x.png in Resources */ = {isa = PBXBuildFile; fileRef = BC385C2D1D61554700C5BFA6 /* AppIcon29x29@2x.png */; };
		BC385C3A1D61554700C5BFA6 /* AppIcon29x29@3x.png in Resources */ = {isa = PBXBuildFile; fileRef = BC385C2E1D61554700C5BFA6 /* AppIcon29x29@3x.png */; };
		BC385C3B1D61554700C5BFA6 /* AppIcon40x40@2x.png in Resources */ = {isa = PBXBuildFile; fileRef = BC385C2F1D61554700C5BFA6 /* AppIcon40x40@2x.png */; };
		BC385C3C1D61554700C5BFA6 /* AppIcon40x40@3x.png in Resources */ = {isa = PBXBuildFile; fileRef = BC385C301D61554700C5BFA6 /* AppIcon40x40@3x.png */; };
		BC385C3D1D61554700C5BFA6 /* AppIcon60x60@2x.png in Resources */ = {isa = PBXBuildFile; fileRef = BC385C311D61554700C5BFA6 /* AppIcon60x60@2x.png */; };
		BC385C3E1D61554700C5BFA6 /* AppIcon60x60@3x.png in Resources */ = {isa = PBXBuildFile; fileRef = BC385C321D61554700C5BFA6 /* AppIcon60x60@3x.png */; };
		BC385C451D615A6F00C5BFA6 /* MainTabBarController.swift in Sources */ = {isa = PBXBuildFile; fileRef = BC385C441D615A6F00C5BFA6 /* MainTabBarController.swift */; };
		BC385C471D615ABE00C5BFA6 /* BaseViewController.swift in Sources */ = {isa = PBXBuildFile; fileRef = BC385C461D615ABE00C5BFA6 /* BaseViewController.swift */; };
		BC385C491D615B0500C5BFA6 /* CookBookViewController.swift in Sources */ = {isa = PBXBuildFile; fileRef = BC385C481D615B0500C5BFA6 /* CookBookViewController.swift */; };
		BC385C4B1D615B3000C5BFA6 /* CommunityViewController.swift in Sources */ = {isa = PBXBuildFile; fileRef = BC385C4A1D615B3000C5BFA6 /* CommunityViewController.swift */; };
		BC385C4D1D615B6000C5BFA6 /* MallViewController.swift in Sources */ = {isa = PBXBuildFile; fileRef = BC385C4C1D615B6000C5BFA6 /* MallViewController.swift */; };
		BC385C4F1D615B8B00C5BFA6 /* FoodClassViewController.swift in Sources */ = {isa = PBXBuildFile; fileRef = BC385C4E1D615B8B00C5BFA6 /* FoodClassViewController.swift */; };
		BC385C511D615BB800C5BFA6 /* ProfileViewController.swift in Sources */ = {isa = PBXBuildFile; fileRef = BC385C501D615BB800C5BFA6 /* ProfileViewController.swift */; };
		BC385C531D61642A00C5BFA6 /* Ctrl.json in Resources */ = {isa = PBXBuildFile; fileRef = BC385C521D61642A00C5BFA6 /* Ctrl.json */; };
		BC385C551D61733600C5BFA6 /* UIView+Util.swift in Sources */ = {isa = PBXBuildFile; fileRef = BC385C541D61733600C5BFA6 /* UIView+Util.swift */; };
		BC385C571D6173C500C5BFA6 /* UILabel+Util.swift in Sources */ = {isa = PBXBuildFile; fileRef = BC385C561D6173C500C5BFA6 /* UILabel+Util.swift */; };
		BC385C591D61753100C5BFA6 /* UIButton+Util.swift in Sources */ = {isa = PBXBuildFile; fileRef = BC385C581D61753100C5BFA6 /* UIButton+Util.swift */; };
		BCE6A6471D669433005D9748 /* CBRwcommendNewCell.swift in Sources */ = {isa = PBXBuildFile; fileRef = BCE6A6451D669433005D9748 /* CBRwcommendNewCell.swift */; };
		BCE6A6481D669433005D9748 /* CBRwcommendNewCell.xib in Resources */ = {isa = PBXBuildFile; fileRef = BCE6A6461D669433005D9748 /* CBRwcommendNewCell.xib */; };
		BCE6A64C1D66998C005D9748 /* play-A@2x.png in Resources */ = {isa = PBXBuildFile; fileRef = BCE6A6491D66998C005D9748 /* play-A@2x.png */; };
		BCE6A64D1D66998C005D9748 /* play-A@3x.png in Resources */ = {isa = PBXBuildFile; fileRef = BCE6A64A1D66998C005D9748 /* play-A@3x.png */; };
		BCE6A64E1D66998C005D9748 /* play.png in Resources */ = {isa = PBXBuildFile; fileRef = BCE6A64B1D66998C005D9748 /* play.png */; };
		BCE6A6501D66AAFC005D9748 /* CBHeaderView.swift in Sources */ = {isa = PBXBuildFile; fileRef = BCE6A64F1D66AAFC005D9748 /* CBHeaderView.swift */; };
		BCE6A6521D66AE22005D9748 /* more_icon.png in Resources */ = {isa = PBXBuildFile; fileRef = BCE6A6511D66AE22005D9748 /* more_icon.png */; };
		BCE6A6551D66B157005D9748 /* CBSpecialCell.swift in Sources */ = {isa = PBXBuildFile; fileRef = BCE6A6531D66B157005D9748 /* CBSpecialCell.swift */; };
		BCE6A6561D66B157005D9748 /* CBSpecialCell.xib in Resources */ = {isa = PBXBuildFile; fileRef = BCE6A6541D66B157005D9748 /* CBSpecialCell.xib */; };
		BCED35B51D62A173006664B3 /* community_normal@2x.png in Resources */ = {isa = PBXBuildFile; fileRef = BCED359D1D62A173006664B3 /* community_normal@2x.png */; };
		BCED35B61D62A173006664B3 /* community_normal@3x.png in Resources */ = {isa = PBXBuildFile; fileRef = BCED359E1D62A173006664B3 /* community_normal@3x.png */; };
		BCED35B71D62A173006664B3 /* community_select@2x.png in Resources */ = {isa = PBXBuildFile; fileRef = BCED359F1D62A173006664B3 /* community_select@2x.png */; };
		BCED35B81D62A173006664B3 /* community_select@3x.png in Resources */ = {isa = PBXBuildFile; fileRef = BCED35A01D62A173006664B3 /* community_select@3x.png */; };
		BCED35B91D62A173006664B3 /* home_normal@2x.png in Resources */ = {isa = PBXBuildFile; fileRef = BCED35A11D62A173006664B3 /* home_normal@2x.png */; };
		BCED35BA1D62A173006664B3 /* home_normal@3x.png in Resources */ = {isa = PBXBuildFile; fileRef = BCED35A21D62A173006664B3 /* home_normal@3x.png */; };
		BCED35BB1D62A173006664B3 /* home_select@2x.png in Resources */ = {isa = PBXBuildFile; fileRef = BCED35A31D62A173006664B3 /* home_select@2x.png */; };
		BCED35BC1D62A173006664B3 /* home_select@3x.png in Resources */ = {isa = PBXBuildFile; fileRef = BCED35A41D62A173006664B3 /* home_select@3x.png */; };
		BCED35BD1D62A173006664B3 /* mine_normal@2x.png in Resources */ = {isa = PBXBuildFile; fileRef = BCED35A51D62A173006664B3 /* mine_normal@2x.png */; };
		BCED35BE1D62A173006664B3 /* mine_normal@3x.png in Resources */ = {isa = PBXBuildFile; fileRef = BCED35A61D62A173006664B3 /* mine_normal@3x.png */; };
		BCED35BF1D62A173006664B3 /* mine_select@2x.png in Resources */ = {isa = PBXBuildFile; fileRef = BCED35A71D62A173006664B3 /* mine_select@2x.png */; };
		BCED35C01D62A173006664B3 /* mine_select@3x.png in Resources */ = {isa = PBXBuildFile; fileRef = BCED35A81D62A173006664B3 /* mine_select@3x.png */; };
		BCED35C11D62A173006664B3 /* report_normal@2x.png in Resources */ = {isa = PBXBuildFile; fileRef = BCED35A91D62A173006664B3 /* report_normal@2x.png */; };
		BCED35C21D62A173006664B3 /* report_normal@3x.png in Resources */ = {isa = PBXBuildFile; fileRef = BCED35AA1D62A173006664B3 /* report_normal@3x.png */; };
		BCED35C31D62A173006664B3 /* report_select@2x.png in Resources */ = {isa = PBXBuildFile; fileRef = BCED35AB1D62A173006664B3 /* report_select@2x.png */; };
		BCED35C41D62A173006664B3 /* report_select@3x.png in Resources */ = {isa = PBXBuildFile; fileRef = BCED35AC1D62A173006664B3 /* report_select@3x.png */; };
		BCED35C51D62A173006664B3 /* shike_normal@2x.png in Resources */ = {isa = PBXBuildFile; fileRef = BCED35AD1D62A173006664B3 /* shike_normal@2x.png */; };
		BCED35C61D62A173006664B3 /* shike_normal@3x.png in Resources */ = {isa = PBXBuildFile; fileRef = BCED35AE1D62A173006664B3 /* shike_normal@3x.png */; };
		BCED35C71D62A173006664B3 /* shike_select@2x.png in Resources */ = {isa = PBXBuildFile; fileRef = BCED35AF1D62A173006664B3 /* shike_select@2x.png */; };
		BCED35C81D62A173006664B3 /* shike_select@3x.png in Resources */ = {isa = PBXBuildFile; fileRef = BCED35B01D62A173006664B3 /* shike_select@3x.png */; };
		BCED35C91D62A173006664B3 /* shop_normal@2x.png in Resources */ = {isa = PBXBuildFile; fileRef = BCED35B11D62A173006664B3 /* shop_normal@2x.png */; };
		BCED35CA1D62A173006664B3 /* shop_normal@3x.png in Resources */ = {isa = PBXBuildFile; fileRef = BCED35B21D62A173006664B3 /* shop_normal@3x.png */; };
		BCED35CB1D62A173006664B3 /* shop_select@2x.png in Resources */ = {isa = PBXBuildFile; fileRef = BCED35B31D62A173006664B3 /* shop_select@2x.png */; };
		BCED35CC1D62A173006664B3 /* shop_select@3x.png in Resources */ = {isa = PBXBuildFile; fileRef = BCED35B41D62A173006664B3 /* shop_select@3x.png */; };
		BCED35CE1D62A860006664B3 /* Const.swift in Sources */ = {isa = PBXBuildFile; fileRef = BCED35CD1D62A860006664B3 /* Const.swift */; };
		BCED35DE1D62B9D4006664B3 /* LaunchImage-700-568h@2x.png in Resources */ = {isa = PBXBuildFile; fileRef = BCED35D01D62B9D4006664B3 /* LaunchImage-700-568h@2x.png */; };
		BCED35DF1D62B9D4006664B3 /* LaunchImage-700@2x.png in Resources */ = {isa = PBXBuildFile; fileRef = BCED35D11D62B9D4006664B3 /* LaunchImage-700@2x.png */; };
		BCED35E01D62B9D4006664B3 /* LaunchImage-800-667h@2x.png in Resources */ = {isa = PBXBuildFile; fileRef = BCED35D21D62B9D4006664B3 /* LaunchImage-800-667h@2x.png */; };
		BCED35E11D62B9D4006664B3 /* LaunchImage-800-Landscape-736h@3x.png in Resources */ = {isa = PBXBuildFile; fileRef = BCED35D31D62B9D4006664B3 /* LaunchImage-800-Landscape-736h@3x.png */; };
		BCED35E21D62B9D4006664B3 /* LaunchImage-800-Portrait-736h@3x.png in Resources */ = {isa = PBXBuildFile; fileRef = BCED35D41D62B9D4006664B3 /* LaunchImage-800-Portrait-736h@3x.png */; };
		BCED35E31D62B9D4006664B3 /* nav_back_black.png in Resources */ = {isa = PBXBuildFile; fileRef = BCED35D61D62B9D4006664B3 /* nav_back_black.png */; };
		BCED35E41D62B9D4006664B3 /* nav_back_white.png in Resources */ = {isa = PBXBuildFile; fileRef = BCED35D71D62B9D4006664B3 /* nav_back_white.png */; };
		BCED35E51D62B9D4006664B3 /* navBar.png in Resources */ = {isa = PBXBuildFile; fileRef = BCED35D81D62B9D4006664B3 /* navBar.png */; };
		BCED35E61D62B9D4006664B3 /* navBtn_bag.png in Resources */ = {isa = PBXBuildFile; fileRef = BCED35D91D62B9D4006664B3 /* navBtn_bag.png */; };
		BCED35E71D62B9D4006664B3 /* saoyisao@2x.png in Resources */ = {isa = PBXBuildFile; fileRef = BCED35DA1D62B9D4006664B3 /* saoyisao@2x.png */; };
		BCED35E81D62B9D4006664B3 /* saoyisao@3x.png in Resources */ = {isa = PBXBuildFile; fileRef = BCED35DB1D62B9D4006664B3 /* saoyisao@3x.png */; };
		BCED35E91D62B9D4006664B3 /* search@2x.png in Resources */ = {isa = PBXBuildFile; fileRef = BCED35DC1D62B9D4006664B3 /* search@2x.png */; };
		BCED35EA1D62B9D4006664B3 /* search@3x.png in Resources */ = {isa = PBXBuildFile; fileRef = BCED35DD1D62B9D4006664B3 /* search@3x.png */; };
		BCED35EC1D62BD70006664B3 /* KTCDownloader.swift in Sources */ = {isa = PBXBuildFile; fileRef = BCED35EB1D62BD70006664B3 /* KTCDownloader.swift */; };
		BCED35F21D62C657006664B3 /* CBRecommendModel.swift in Sources */ = {isa = PBXBuildFile; fileRef = BCED35F11D62C657006664B3 /* CBRecommendModel.swift */; };
		BCED57961D654BA000BA868F /* Util.swift in Sources */ = {isa = PBXBuildFile; fileRef = BCED57951D654BA000BA868F /* Util.swift */; };
		BCED57981D655AEB00BA868F /* CBSearchHeaderView.swift in Sources */ = {isa = PBXBuildFile; fileRef = BCED57971D655AEB00BA868F /* CBSearchHeaderView.swift */; };
		BCED579C1D65622700BA868F /* search1.png in Resources */ = {isa = PBXBuildFile; fileRef = BCED579B1D65622700BA868F /* search1.png */; };
		BCED579F1D65631500BA868F /* CBRedPacketCell.swift in Sources */ = {isa = PBXBuildFile; fileRef = BCED579D1D65631500BA868F /* CBRedPacketCell.swift */; };
		BCED57A01D65631500BA868F /* CBRedPacketCell.xib in Resources */ = {isa = PBXBuildFile; fileRef = BCED579E1D65631500BA868F /* CBRedPacketCell.xib */; };
		BCF33FC81D63FBAB00F458CF /* CBRecommendView.swift in Sources */ = {isa = PBXBuildFile; fileRef = BCF33FC71D63FBAB00F458CF /* CBRecommendView.swift */; };
		BCF33FCB1D63FF4600F458CF /* CBRecommendADCell.swift in Sources */ = {isa = PBXBuildFile; fileRef = BCF33FC91D63FF4600F458CF /* CBRecommendADCell.swift */; };
		BCF33FCC1D63FF4600F458CF /* CBRecommendADCell.xib in Resources */ = {isa = PBXBuildFile; fileRef = BCF33FCA1D63FF4600F458CF /* CBRecommendADCell.xib */; };
		BCF33FCE1D6407F700F458CF /* UIImageView+Util.swift in Sources */ = {isa = PBXBuildFile; fileRef = BCF33FCD1D6407F700F458CF /* UIImageView+Util.swift */; };
		BCF33FD11D640A3100F458CF /* sdefaultImage.png in Resources */ = {isa = PBXBuildFile; fileRef = BCF33FD01D640A3100F458CF /* sdefaultImage.png */; };
		BCF33FD41D64174F00F458CF /* CBRecommendLikeCell.swift in Sources */ = {isa = PBXBuildFile; fileRef = BCF33FD21D64174F00F458CF /* CBRecommendLikeCell.swift */; };
		BCF33FD51D64174F00F458CF /* CBRecommendLikeCell.xib in Resources */ = {isa = PBXBuildFile; fileRef = BCF33FD31D64174F00F458CF /* CBRecommendLikeCell.xib */; };
/* End PBXBuildFile section */

/* Begin PBXContainerItemProxy section */
		BC385BF31D6151B400C5BFA6 /* PBXContainerItemProxy */ = {
			isa = PBXContainerItemProxy;
			containerPortal = BC385BD61D6151B300C5BFA6 /* Project object */;
			proxyType = 1;
			remoteGlobalIDString = BC385BDD1D6151B300C5BFA6;
			remoteInfo = TestKitchen;
		};
		BC385BFE1D6151B400C5BFA6 /* PBXContainerItemProxy */ = {
			isa = PBXContainerItemProxy;
			containerPortal = BC385BD61D6151B300C5BFA6 /* Project object */;
			proxyType = 1;
			remoteGlobalIDString = BC385BDD1D6151B300C5BFA6;
			remoteInfo = TestKitchen;
		};
/* End PBXContainerItemProxy section */

/* Begin PBXFileReference section */
		08DB5A6CBD10F2116D781225 /* Pods-TestKitchen.debug.xcconfig */ = {isa = PBXFileReference; includeInIndex = 1; lastKnownFileType = text.xcconfig; name = "Pods-TestKitchen.debug.xcconfig"; path = "Pods/Target Support Files/Pods-TestKitchen/Pods-TestKitchen.debug.xcconfig"; sourceTree = "<group>"; };
		27F786B4B5E0035F129767A8 /* Pods_TestKitchen.framework */ = {isa = PBXFileReference; explicitFileType = wrapper.framework; includeInIndex = 0; path = Pods_TestKitchen.framework; sourceTree = BUILT_PRODUCTS_DIR; };
		BC385BDE1D6151B300C5BFA6 /* TestKitchen.app */ = {isa = PBXFileReference; explicitFileType = wrapper.application; includeInIndex = 0; path = TestKitchen.app; sourceTree = BUILT_PRODUCTS_DIR; };
		BC385BE11D6151B300C5BFA6 /* AppDelegate.swift */ = {isa = PBXFileReference; lastKnownFileType = sourcecode.swift; path = AppDelegate.swift; sourceTree = "<group>"; };
		BC385BE31D6151B300C5BFA6 /* ViewController.swift */ = {isa = PBXFileReference; lastKnownFileType = sourcecode.swift; path = ViewController.swift; sourceTree = "<group>"; };
		BC385BE61D6151B300C5BFA6 /* Base */ = {isa = PBXFileReference; lastKnownFileType = file.storyboard; name = Base; path = Base.lproj/Main.storyboard; sourceTree = "<group>"; };
		BC385BE81D6151B300C5BFA6 /* Assets.xcassets */ = {isa = PBXFileReference; lastKnownFileType = folder.assetcatalog; path = Assets.xcassets; sourceTree = "<group>"; };
		BC385BEB1D6151B300C5BFA6 /* Base */ = {isa = PBXFileReference; lastKnownFileType = file.storyboard; name = Base; path = Base.lproj/LaunchScreen.storyboard; sourceTree = "<group>"; };
		BC385BED1D6151B300C5BFA6 /* Info.plist */ = {isa = PBXFileReference; lastKnownFileType = text.plist.xml; path = Info.plist; sourceTree = "<group>"; };
		BC385BF21D6151B400C5BFA6 /* TestKitchenTests.xctest */ = {isa = PBXFileReference; explicitFileType = wrapper.cfbundle; includeInIndex = 0; path = TestKitchenTests.xctest; sourceTree = BUILT_PRODUCTS_DIR; };
		BC385BF61D6151B400C5BFA6 /* TestKitchenTests.swift */ = {isa = PBXFileReference; lastKnownFileType = sourcecode.swift; path = TestKitchenTests.swift; sourceTree = "<group>"; };
		BC385BF81D6151B400C5BFA6 /* Info.plist */ = {isa = PBXFileReference; lastKnownFileType = text.plist.xml; path = Info.plist; sourceTree = "<group>"; };
		BC385BFD1D6151B400C5BFA6 /* TestKitchenUITests.xctest */ = {isa = PBXFileReference; explicitFileType = wrapper.cfbundle; includeInIndex = 0; path = TestKitchenUITests.xctest; sourceTree = BUILT_PRODUCTS_DIR; };
		BC385C011D6151B400C5BFA6 /* TestKitchenUITests.swift */ = {isa = PBXFileReference; lastKnownFileType = sourcecode.swift; path = TestKitchenUITests.swift; sourceTree = "<group>"; };
		BC385C031D6151B400C5BFA6 /* Info.plist */ = {isa = PBXFileReference; lastKnownFileType = text.plist.xml; path = Info.plist; sourceTree = "<group>"; };
		BC385C2D1D61554700C5BFA6 /* AppIcon29x29@2x.png */ = {isa = PBXFileReference; lastKnownFileType = image.png; path = "AppIcon29x29@2x.png"; sourceTree = "<group>"; };
		BC385C2E1D61554700C5BFA6 /* AppIcon29x29@3x.png */ = {isa = PBXFileReference; lastKnownFileType = image.png; path = "AppIcon29x29@3x.png"; sourceTree = "<group>"; };
		BC385C2F1D61554700C5BFA6 /* AppIcon40x40@2x.png */ = {isa = PBXFileReference; lastKnownFileType = image.png; path = "AppIcon40x40@2x.png"; sourceTree = "<group>"; };
		BC385C301D61554700C5BFA6 /* AppIcon40x40@3x.png */ = {isa = PBXFileReference; lastKnownFileType = image.png; path = "AppIcon40x40@3x.png"; sourceTree = "<group>"; };
		BC385C311D61554700C5BFA6 /* AppIcon60x60@2x.png */ = {isa = PBXFileReference; lastKnownFileType = image.png; path = "AppIcon60x60@2x.png"; sourceTree = "<group>"; };
		BC385C321D61554700C5BFA6 /* AppIcon60x60@3x.png */ = {isa = PBXFileReference; lastKnownFileType = image.png; path = "AppIcon60x60@3x.png"; sourceTree = "<group>"; };
		BC385C441D615A6F00C5BFA6 /* MainTabBarController.swift */ = {isa = PBXFileReference; fileEncoding = 4; lastKnownFileType = sourcecode.swift; path = MainTabBarController.swift; sourceTree = "<group>"; };
		BC385C461D615ABE00C5BFA6 /* BaseViewController.swift */ = {isa = PBXFileReference; fileEncoding = 4; lastKnownFileType = sourcecode.swift; path = BaseViewController.swift; sourceTree = "<group>"; };
		BC385C481D615B0500C5BFA6 /* CookBookViewController.swift */ = {isa = PBXFileReference; fileEncoding = 4; lastKnownFileType = sourcecode.swift; path = CookBookViewController.swift; sourceTree = "<group>"; };
		BC385C4A1D615B3000C5BFA6 /* CommunityViewController.swift */ = {isa = PBXFileReference; fileEncoding = 4; lastKnownFileType = sourcecode.swift; path = CommunityViewController.swift; sourceTree = "<group>"; };
		BC385C4C1D615B6000C5BFA6 /* MallViewController.swift */ = {isa = PBXFileReference; fileEncoding = 4; lastKnownFileType = sourcecode.swift; path = MallViewController.swift; sourceTree = "<group>"; };
		BC385C4E1D615B8B00C5BFA6 /* FoodClassViewController.swift */ = {isa = PBXFileReference; fileEncoding = 4; lastKnownFileType = sourcecode.swift; path = FoodClassViewController.swift; sourceTree = "<group>"; };
		BC385C501D615BB800C5BFA6 /* ProfileViewController.swift */ = {isa = PBXFileReference; fileEncoding = 4; lastKnownFileType = sourcecode.swift; path = ProfileViewController.swift; sourceTree = "<group>"; };
		BC385C521D61642A00C5BFA6 /* Ctrl.json */ = {isa = PBXFileReference; fileEncoding = 4; lastKnownFileType = text.json; path = Ctrl.json; sourceTree = "<group>"; };
		BC385C541D61733600C5BFA6 /* UIView+Util.swift */ = {isa = PBXFileReference; fileEncoding = 4; lastKnownFileType = sourcecode.swift; path = "UIView+Util.swift"; sourceTree = "<group>"; };
		BC385C561D6173C500C5BFA6 /* UILabel+Util.swift */ = {isa = PBXFileReference; fileEncoding = 4; lastKnownFileType = sourcecode.swift; path = "UILabel+Util.swift"; sourceTree = "<group>"; };
		BC385C581D61753100C5BFA6 /* UIButton+Util.swift */ = {isa = PBXFileReference; fileEncoding = 4; lastKnownFileType = sourcecode.swift; path = "UIButton+Util.swift"; sourceTree = "<group>"; };
		BCE6A6451D669433005D9748 /* CBRwcommendNewCell.swift */ = {isa = PBXFileReference; fileEncoding = 4; lastKnownFileType = sourcecode.swift; path = CBRwcommendNewCell.swift; sourceTree = "<group>"; };
		BCE6A6461D669433005D9748 /* CBRwcommendNewCell.xib */ = {isa = PBXFileReference; fileEncoding = 4; lastKnownFileType = file.xib; path = CBRwcommendNewCell.xib; sourceTree = "<group>"; };
		BCE6A6491D66998C005D9748 /* play-A@2x.png */ = {isa = PBXFileReference; lastKnownFileType = image.png; path = "play-A@2x.png"; sourceTree = "<group>"; };
		BCE6A64A1D66998C005D9748 /* play-A@3x.png */ = {isa = PBXFileReference; lastKnownFileType = image.png; path = "play-A@3x.png"; sourceTree = "<group>"; };
		BCE6A64B1D66998C005D9748 /* play.png */ = {isa = PBXFileReference; lastKnownFileType = image.png; path = play.png; sourceTree = "<group>"; };
		BCE6A64F1D66AAFC005D9748 /* CBHeaderView.swift */ = {isa = PBXFileReference; fileEncoding = 4; lastKnownFileType = sourcecode.swift; path = CBHeaderView.swift; sourceTree = "<group>"; };
		BCE6A6511D66AE22005D9748 /* more_icon.png */ = {isa = PBXFileReference; lastKnownFileType = image.png; path = more_icon.png; sourceTree = "<group>"; };
		BCE6A6531D66B157005D9748 /* CBSpecialCell.swift */ = {isa = PBXFileReference; fileEncoding = 4; lastKnownFileType = sourcecode.swift; path = CBSpecialCell.swift; sourceTree = "<group>"; };
		BCE6A6541D66B157005D9748 /* CBSpecialCell.xib */ = {isa = PBXFileReference; fileEncoding = 4; lastKnownFileType = file.xib; path = CBSpecialCell.xib; sourceTree = "<group>"; };
		BCED359D1D62A173006664B3 /* community_normal@2x.png */ = {isa = PBXFileReference; lastKnownFileType = image.png; path = "community_normal@2x.png"; sourceTree = "<group>"; };
		BCED359E1D62A173006664B3 /* community_normal@3x.png */ = {isa = PBXFileReference; lastKnownFileType = image.png; path = "community_normal@3x.png"; sourceTree = "<group>"; };
		BCED359F1D62A173006664B3 /* community_select@2x.png */ = {isa = PBXFileReference; lastKnownFileType = image.png; path = "community_select@2x.png"; sourceTree = "<group>"; };
		BCED35A01D62A173006664B3 /* community_select@3x.png */ = {isa = PBXFileReference; lastKnownFileType = image.png; path = "community_select@3x.png"; sourceTree = "<group>"; };
		BCED35A11D62A173006664B3 /* home_normal@2x.png */ = {isa = PBXFileReference; lastKnownFileType = image.png; path = "home_normal@2x.png"; sourceTree = "<group>"; };
		BCED35A21D62A173006664B3 /* home_normal@3x.png */ = {isa = PBXFileReference; lastKnownFileType = image.png; path = "home_normal@3x.png"; sourceTree = "<group>"; };
		BCED35A31D62A173006664B3 /* home_select@2x.png */ = {isa = PBXFileReference; lastKnownFileType = image.png; path = "home_select@2x.png"; sourceTree = "<group>"; };
		BCED35A41D62A173006664B3 /* home_select@3x.png */ = {isa = PBXFileReference; lastKnownFileType = image.png; path = "home_select@3x.png"; sourceTree = "<group>"; };
		BCED35A51D62A173006664B3 /* mine_normal@2x.png */ = {isa = PBXFileReference; lastKnownFileType = image.png; path = "mine_normal@2x.png"; sourceTree = "<group>"; };
		BCED35A61D62A173006664B3 /* mine_normal@3x.png */ = {isa = PBXFileReference; lastKnownFileType = image.png; path = "mine_normal@3x.png"; sourceTree = "<group>"; };
		BCED35A71D62A173006664B3 /* mine_select@2x.png */ = {isa = PBXFileReference; lastKnownFileType = image.png; path = "mine_select@2x.png"; sourceTree = "<group>"; };
		BCED35A81D62A173006664B3 /* mine_select@3x.png */ = {isa = PBXFileReference; lastKnownFileType = image.png; path = "mine_select@3x.png"; sourceTree = "<group>"; };
		BCED35A91D62A173006664B3 /* report_normal@2x.png */ = {isa = PBXFileReference; lastKnownFileType = image.png; path = "report_normal@2x.png"; sourceTree = "<group>"; };
		BCED35AA1D62A173006664B3 /* report_normal@3x.png */ = {isa = PBXFileReference; lastKnownFileType = image.png; path = "report_normal@3x.png"; sourceTree = "<group>"; };
		BCED35AB1D62A173006664B3 /* report_select@2x.png */ = {isa = PBXFileReference; lastKnownFileType = image.png; path = "report_select@2x.png"; sourceTree = "<group>"; };
		BCED35AC1D62A173006664B3 /* report_select@3x.png */ = {isa = PBXFileReference; lastKnownFileType = image.png; path = "report_select@3x.png"; sourceTree = "<group>"; };
		BCED35AD1D62A173006664B3 /* shike_normal@2x.png */ = {isa = PBXFileReference; lastKnownFileType = image.png; path = "shike_normal@2x.png"; sourceTree = "<group>"; };
		BCED35AE1D62A173006664B3 /* shike_normal@3x.png */ = {isa = PBXFileReference; lastKnownFileType = image.png; path = "shike_normal@3x.png"; sourceTree = "<group>"; };
		BCED35AF1D62A173006664B3 /* shike_select@2x.png */ = {isa = PBXFileReference; lastKnownFileType = image.png; path = "shike_select@2x.png"; sourceTree = "<group>"; };
		BCED35B01D62A173006664B3 /* shike_select@3x.png */ = {isa = PBXFileReference; lastKnownFileType = image.png; path = "shike_select@3x.png"; sourceTree = "<group>"; };
		BCED35B11D62A173006664B3 /* shop_normal@2x.png */ = {isa = PBXFileReference; lastKnownFileType = image.png; path = "shop_normal@2x.png"; sourceTree = "<group>"; };
		BCED35B21D62A173006664B3 /* shop_normal@3x.png */ = {isa = PBXFileReference; lastKnownFileType = image.png; path = "shop_normal@3x.png"; sourceTree = "<group>"; };
		BCED35B31D62A173006664B3 /* shop_select@2x.png */ = {isa = PBXFileReference; lastKnownFileType = image.png; path = "shop_select@2x.png"; sourceTree = "<group>"; };
		BCED35B41D62A173006664B3 /* shop_select@3x.png */ = {isa = PBXFileReference; lastKnownFileType = image.png; path = "shop_select@3x.png"; sourceTree = "<group>"; };
		BCED35CD1D62A860006664B3 /* Const.swift */ = {isa = PBXFileReference; fileEncoding = 4; lastKnownFileType = sourcecode.swift; path = Const.swift; sourceTree = "<group>"; };
		BCED35D01D62B9D4006664B3 /* LaunchImage-700-568h@2x.png */ = {isa = PBXFileReference; lastKnownFileType = image.png; path = "LaunchImage-700-568h@2x.png"; sourceTree = "<group>"; };
		BCED35D11D62B9D4006664B3 /* LaunchImage-700@2x.png */ = {isa = PBXFileReference; lastKnownFileType = image.png; path = "LaunchImage-700@2x.png"; sourceTree = "<group>"; };
		BCED35D21D62B9D4006664B3 /* LaunchImage-800-667h@2x.png */ = {isa = PBXFileReference; lastKnownFileType = image.png; path = "LaunchImage-800-667h@2x.png"; sourceTree = "<group>"; };
		BCED35D31D62B9D4006664B3 /* LaunchImage-800-Landscape-736h@3x.png */ = {isa = PBXFileReference; lastKnownFileType = image.png; path = "LaunchImage-800-Landscape-736h@3x.png"; sourceTree = "<group>"; };
		BCED35D41D62B9D4006664B3 /* LaunchImage-800-Portrait-736h@3x.png */ = {isa = PBXFileReference; lastKnownFileType = image.png; path = "LaunchImage-800-Portrait-736h@3x.png"; sourceTree = "<group>"; };
		BCED35D61D62B9D4006664B3 /* nav_back_black.png */ = {isa = PBXFileReference; lastKnownFileType = image.png; path = nav_back_black.png; sourceTree = "<group>"; };
		BCED35D71D62B9D4006664B3 /* nav_back_white.png */ = {isa = PBXFileReference; lastKnownFileType = image.png; path = nav_back_white.png; sourceTree = "<group>"; };
		BCED35D81D62B9D4006664B3 /* navBar.png */ = {isa = PBXFileReference; lastKnownFileType = image.png; path = navBar.png; sourceTree = "<group>"; };
		BCED35D91D62B9D4006664B3 /* navBtn_bag.png */ = {isa = PBXFileReference; lastKnownFileType = image.png; path = navBtn_bag.png; sourceTree = "<group>"; };
		BCED35DA1D62B9D4006664B3 /* saoyisao@2x.png */ = {isa = PBXFileReference; lastKnownFileType = image.png; path = "saoyisao@2x.png"; sourceTree = "<group>"; };
		BCED35DB1D62B9D4006664B3 /* saoyisao@3x.png */ = {isa = PBXFileReference; lastKnownFileType = image.png; path = "saoyisao@3x.png"; sourceTree = "<group>"; };
		BCED35DC1D62B9D4006664B3 /* search@2x.png */ = {isa = PBXFileReference; lastKnownFileType = image.png; path = "search@2x.png"; sourceTree = "<group>"; };
		BCED35DD1D62B9D4006664B3 /* search@3x.png */ = {isa = PBXFileReference; lastKnownFileType = image.png; path = "search@3x.png"; sourceTree = "<group>"; };
		BCED35EB1D62BD70006664B3 /* KTCDownloader.swift */ = {isa = PBXFileReference; fileEncoding = 4; lastKnownFileType = sourcecode.swift; path = KTCDownloader.swift; sourceTree = "<group>"; };
		BCED35F11D62C657006664B3 /* CBRecommendModel.swift */ = {isa = PBXFileReference; fileEncoding = 4; lastKnownFileType = sourcecode.swift; path = CBRecommendModel.swift; sourceTree = "<group>"; };
		BCED57951D654BA000BA868F /* Util.swift */ = {isa = PBXFileReference; fileEncoding = 4; lastKnownFileType = sourcecode.swift; path = Util.swift; sourceTree = "<group>"; };
		BCED57971D655AEB00BA868F /* CBSearchHeaderView.swift */ = {isa = PBXFileReference; fileEncoding = 4; lastKnownFileType = sourcecode.swift; path = CBSearchHeaderView.swift; sourceTree = "<group>"; };
		BCED579B1D65622700BA868F /* search1.png */ = {isa = PBXFileReference; lastKnownFileType = image.png; path = search1.png; sourceTree = "<group>"; };
		BCED579D1D65631500BA868F /* CBRedPacketCell.swift */ = {isa = PBXFileReference; fileEncoding = 4; lastKnownFileType = sourcecode.swift; path = CBRedPacketCell.swift; sourceTree = "<group>"; };
		BCED579E1D65631500BA868F /* CBRedPacketCell.xib */ = {isa = PBXFileReference; fileEncoding = 4; lastKnownFileType = file.xib; path = CBRedPacketCell.xib; sourceTree = "<group>"; };
		BCF33FC71D63FBAB00F458CF /* CBRecommendView.swift */ = {isa = PBXFileReference; fileEncoding = 4; lastKnownFileType = sourcecode.swift; path = CBRecommendView.swift; sourceTree = "<group>"; };
		BCF33FC91D63FF4600F458CF /* CBRecommendADCell.swift */ = {isa = PBXFileReference; fileEncoding = 4; lastKnownFileType = sourcecode.swift; path = CBRecommendADCell.swift; sourceTree = "<group>"; };
		BCF33FCA1D63FF4600F458CF /* CBRecommendADCell.xib */ = {isa = PBXFileReference; fileEncoding = 4; lastKnownFileType = file.xib; path = CBRecommendADCell.xib; sourceTree = "<group>"; };
		BCF33FCD1D6407F700F458CF /* UIImageView+Util.swift */ = {isa = PBXFileReference; fileEncoding = 4; lastKnownFileType = sourcecode.swift; path = "UIImageView+Util.swift"; sourceTree = "<group>"; };
		BCF33FD01D640A3100F458CF /* sdefaultImage.png */ = {isa = PBXFileReference; lastKnownFileType = image.png; path = sdefaultImage.png; sourceTree = "<group>"; };
		BCF33FD21D64174F00F458CF /* CBRecommendLikeCell.swift */ = {isa = PBXFileReference; fileEncoding = 4; lastKnownFileType = sourcecode.swift; path = CBRecommendLikeCell.swift; sourceTree = "<group>"; };
		BCF33FD31D64174F00F458CF /* CBRecommendLikeCell.xib */ = {isa = PBXFileReference; fileEncoding = 4; lastKnownFileType = file.xib; path = CBRecommendLikeCell.xib; sourceTree = "<group>"; };
		D1A8F43A0DBE58EF90FB6B2F /* Pods-TestKitchen.release.xcconfig */ = {isa = PBXFileReference; includeInIndex = 1; lastKnownFileType = text.xcconfig; name = "Pods-TestKitchen.release.xcconfig"; path = "Pods/Target Support Files/Pods-TestKitchen/Pods-TestKitchen.release.xcconfig"; sourceTree = "<group>"; };
/* End PBXFileReference section */

/* Begin PBXFrameworksBuildPhase section */
		BC385BDB1D6151B300C5BFA6 /* Frameworks */ = {
			isa = PBXFrameworksBuildPhase;
			buildActionMask = 2147483647;
			files = (
				1F95CFFB2B7C8F456C0AE37F /* Pods_TestKitchen.framework in Frameworks */,
			);
			runOnlyForDeploymentPostprocessing = 0;
		};
		BC385BEF1D6151B400C5BFA6 /* Frameworks */ = {
			isa = PBXFrameworksBuildPhase;
			buildActionMask = 2147483647;
			files = (
			);
			runOnlyForDeploymentPostprocessing = 0;
		};
		BC385BFA1D6151B400C5BFA6 /* Frameworks */ = {
			isa = PBXFrameworksBuildPhase;
			buildActionMask = 2147483647;
			files = (
			);
			runOnlyForDeploymentPostprocessing = 0;
		};
/* End PBXFrameworksBuildPhase section */

/* Begin PBXGroup section */
		17161A022CBFCE4B4966FDC3 /* Pods */ = {
			isa = PBXGroup;
			children = (
				08DB5A6CBD10F2116D781225 /* Pods-TestKitchen.debug.xcconfig */,
				D1A8F43A0DBE58EF90FB6B2F /* Pods-TestKitchen.release.xcconfig */,
			);
			name = Pods;
			sourceTree = "<group>";
		};
		2C27F4198D95360E0D913A31 /* Frameworks */ = {
			isa = PBXGroup;
			children = (
				27F786B4B5E0035F129767A8 /* Pods_TestKitchen.framework */,
			);
			name = Frameworks;
			sourceTree = "<group>";
		};
		BC385BD51D6151B300C5BFA6 = {
			isa = PBXGroup;
			children = (
				BC385BE01D6151B300C5BFA6 /* TestKitchen */,
				BC385BF51D6151B400C5BFA6 /* TestKitchenTests */,
				BC385C001D6151B400C5BFA6 /* TestKitchenUITests */,
				BC385BDF1D6151B300C5BFA6 /* Products */,
				17161A022CBFCE4B4966FDC3 /* Pods */,
				2C27F4198D95360E0D913A31 /* Frameworks */,
			);
			sourceTree = "<group>";
		};
		BC385BDF1D6151B300C5BFA6 /* Products */ = {
			isa = PBXGroup;
			children = (
				BC385BDE1D6151B300C5BFA6 /* TestKitchen.app */,
				BC385BF21D6151B400C5BFA6 /* TestKitchenTests.xctest */,
				BC385BFD1D6151B400C5BFA6 /* TestKitchenUITests.xctest */,
			);
			name = Products;
			sourceTree = "<group>";
		};
		BC385BE01D6151B300C5BFA6 /* TestKitchen */ = {
			isa = PBXGroup;
			children = (
				BC385C0F1D6153F200C5BFA6 /* classes */,
				BC385C2B1D6153F200C5BFA6 /* resources */,
				BC385BE11D6151B300C5BFA6 /* AppDelegate.swift */,
				BC385BE31D6151B300C5BFA6 /* ViewController.swift */,
				BC385BE51D6151B300C5BFA6 /* Main.storyboard */,
				BC385BE81D6151B300C5BFA6 /* Assets.xcassets */,
				BC385BEA1D6151B300C5BFA6 /* LaunchScreen.storyboard */,
				BC385BED1D6151B300C5BFA6 /* Info.plist */,
			);
			path = TestKitchen;
			sourceTree = "<group>";
		};
		BC385BF51D6151B400C5BFA6 /* TestKitchenTests */ = {
			isa = PBXGroup;
			children = (
				BC385BF61D6151B400C5BFA6 /* TestKitchenTests.swift */,
				BC385BF81D6151B400C5BFA6 /* Info.plist */,
			);
			path = TestKitchenTests;
			sourceTree = "<group>";
		};
		BC385C001D6151B400C5BFA6 /* TestKitchenUITests */ = {
			isa = PBXGroup;
			children = (
				BC385C011D6151B400C5BFA6 /* TestKitchenUITests.swift */,
				BC385C031D6151B400C5BFA6 /* Info.plist */,
			);
			path = TestKitchenUITests;
			sourceTree = "<group>";
		};
		BC385C0F1D6153F200C5BFA6 /* classes */ = {
			isa = PBXGroup;
			children = (
				BC385C101D6153F200C5BFA6 /* common */,
				BC385C111D6153F200C5BFA6 /* community */,
				BC385C161D6153F200C5BFA6 /* cookbook */,
				BC385C1B1D6153F200C5BFA6 /* foodclass */,
				BC385C201D6153F200C5BFA6 /* mall */,
				BC385C251D6153F200C5BFA6 /* profile */,
				BC385C2A1D6153F200C5BFA6 /* thirdParty */,
			);
			path = classes;
			sourceTree = "<group>";
		};
		BC385C101D6153F200C5BFA6 /* common */ = {
			isa = PBXGroup;
			children = (
				BC385C441D615A6F00C5BFA6 /* MainTabBarController.swift */,
				BC385C461D615ABE00C5BFA6 /* BaseViewController.swift */,
				BC385C521D61642A00C5BFA6 /* Ctrl.json */,
				BC385C541D61733600C5BFA6 /* UIView+Util.swift */,
				BC385C561D6173C500C5BFA6 /* UILabel+Util.swift */,
				BC385C581D61753100C5BFA6 /* UIButton+Util.swift */,
				BCED35CD1D62A860006664B3 /* Const.swift */,
				BCED35EB1D62BD70006664B3 /* KTCDownloader.swift */,
				BCF33FCD1D6407F700F458CF /* UIImageView+Util.swift */,
				BCED57951D654BA000BA868F /* Util.swift */,
			);
			path = common;
			sourceTree = "<group>";
		};
		BC385C111D6153F200C5BFA6 /* community */ = {
			isa = PBXGroup;
			children = (
				BC385C121D6153F200C5BFA6 /* homePage */,
			);
			path = community;
			sourceTree = "<group>";
		};
		BC385C121D6153F200C5BFA6 /* homePage */ = {
			isa = PBXGroup;
			children = (
				BC385C131D6153F200C5BFA6 /* controller */,
				BC385C141D6153F200C5BFA6 /* model */,
				BC385C151D6153F200C5BFA6 /* view */,
			);
			path = homePage;
			sourceTree = "<group>";
		};
		BC385C131D6153F200C5BFA6 /* controller */ = {
			isa = PBXGroup;
			children = (
				BC385C4A1D615B3000C5BFA6 /* CommunityViewController.swift */,
			);
			path = controller;
			sourceTree = "<group>";
		};
		BC385C141D6153F200C5BFA6 /* model */ = {
			isa = PBXGroup;
			children = (
			);
			path = model;
			sourceTree = "<group>";
		};
		BC385C151D6153F200C5BFA6 /* view */ = {
			isa = PBXGroup;
			children = (
			);
			path = view;
			sourceTree = "<group>";
		};
		BC385C161D6153F200C5BFA6 /* cookbook */ = {
			isa = PBXGroup;
			children = (
				BCED35ED1D62C61C006664B3 /* recommend */,
				BC385C171D6153F200C5BFA6 /* homePage */,
			);
			path = cookbook;
			sourceTree = "<group>";
		};
		BC385C171D6153F200C5BFA6 /* homePage */ = {
			isa = PBXGroup;
			children = (
				BC385C181D6153F200C5BFA6 /* controller */,
				BC385C191D6153F200C5BFA6 /* model */,
				BC385C1A1D6153F200C5BFA6 /* view */,
			);
			path = homePage;
			sourceTree = "<group>";
		};
		BC385C181D6153F200C5BFA6 /* controller */ = {
			isa = PBXGroup;
			children = (
				BC385C481D615B0500C5BFA6 /* CookBookViewController.swift */,
			);
			path = controller;
			sourceTree = "<group>";
		};
		BC385C191D6153F200C5BFA6 /* model */ = {
			isa = PBXGroup;
			children = (
			);
			path = model;
			sourceTree = "<group>";
		};
		BC385C1A1D6153F200C5BFA6 /* view */ = {
			isa = PBXGroup;
			children = (
			);
			path = view;
			sourceTree = "<group>";
		};
		BC385C1B1D6153F200C5BFA6 /* foodclass */ = {
			isa = PBXGroup;
			children = (
				BC385C1C1D6153F200C5BFA6 /* homePage */,
			);
			path = foodclass;
			sourceTree = "<group>";
		};
		BC385C1C1D6153F200C5BFA6 /* homePage */ = {
			isa = PBXGroup;
			children = (
				BC385C1D1D6153F200C5BFA6 /* controller */,
				BC385C1E1D6153F200C5BFA6 /* model */,
				BC385C1F1D6153F200C5BFA6 /* view */,
			);
			path = homePage;
			sourceTree = "<group>";
		};
		BC385C1D1D6153F200C5BFA6 /* controller */ = {
			isa = PBXGroup;
			children = (
				BC385C4E1D615B8B00C5BFA6 /* FoodClassViewController.swift */,
			);
			path = controller;
			sourceTree = "<group>";
		};
		BC385C1E1D6153F200C5BFA6 /* model */ = {
			isa = PBXGroup;
			children = (
			);
			path = model;
			sourceTree = "<group>";
		};
		BC385C1F1D6153F200C5BFA6 /* view */ = {
			isa = PBXGroup;
			children = (
			);
			path = view;
			sourceTree = "<group>";
		};
		BC385C201D6153F200C5BFA6 /* mall */ = {
			isa = PBXGroup;
			children = (
				BC385C211D6153F200C5BFA6 /* homePage */,
			);
			path = mall;
			sourceTree = "<group>";
		};
		BC385C211D6153F200C5BFA6 /* homePage */ = {
			isa = PBXGroup;
			children = (
				BC385C221D6153F200C5BFA6 /* controller */,
				BC385C231D6153F200C5BFA6 /* model */,
				BC385C241D6153F200C5BFA6 /* view */,
			);
			path = homePage;
			sourceTree = "<group>";
		};
		BC385C221D6153F200C5BFA6 /* controller */ = {
			isa = PBXGroup;
			children = (
				BC385C4C1D615B6000C5BFA6 /* MallViewController.swift */,
			);
			path = controller;
			sourceTree = "<group>";
		};
		BC385C231D6153F200C5BFA6 /* model */ = {
			isa = PBXGroup;
			children = (
			);
			path = model;
			sourceTree = "<group>";
		};
		BC385C241D6153F200C5BFA6 /* view */ = {
			isa = PBXGroup;
			children = (
			);
			path = view;
			sourceTree = "<group>";
		};
		BC385C251D6153F200C5BFA6 /* profile */ = {
			isa = PBXGroup;
			children = (
				BC385C261D6153F200C5BFA6 /* homePage */,
			);
			path = profile;
			sourceTree = "<group>";
		};
		BC385C261D6153F200C5BFA6 /* homePage */ = {
			isa = PBXGroup;
			children = (
				BC385C271D6153F200C5BFA6 /* controller */,
				BC385C281D6153F200C5BFA6 /* model */,
				BC385C291D6153F200C5BFA6 /* view */,
			);
			path = homePage;
			sourceTree = "<group>";
		};
		BC385C271D6153F200C5BFA6 /* controller */ = {
			isa = PBXGroup;
			children = (
				BC385C501D615BB800C5BFA6 /* ProfileViewController.swift */,
			);
			path = controller;
			sourceTree = "<group>";
		};
		BC385C281D6153F200C5BFA6 /* model */ = {
			isa = PBXGroup;
			children = (
			);
			path = model;
			sourceTree = "<group>";
		};
		BC385C291D6153F200C5BFA6 /* view */ = {
			isa = PBXGroup;
			children = (
			);
			path = view;
			sourceTree = "<group>";
		};
		BC385C2A1D6153F200C5BFA6 /* thirdParty */ = {
			isa = PBXGroup;
			children = (
			);
			path = thirdParty;
			sourceTree = "<group>";
		};
		BC385C2B1D6153F200C5BFA6 /* resources */ = {
			isa = PBXGroup;
			children = (
				BCED57991D65622700BA868F /* Cookbook */,
				BCF33FCF1D640A3100F458CF /* common */,
				BCED35CF1D62B9D4006664B3 /* launchImages */,
				BCED35D51D62B9D4006664B3 /* nav */,
				BCED359C1D62A173006664B3 /* tabbar */,
				BC385C2C1D61554700C5BFA6 /* Appicon */,
			);
			path = resources;
			sourceTree = "<group>";
		};
		BC385C2C1D61554700C5BFA6 /* Appicon */ = {
			isa = PBXGroup;
			children = (
				BC385C2D1D61554700C5BFA6 /* AppIcon29x29@2x.png */,
				BC385C2E1D61554700C5BFA6 /* AppIcon29x29@3x.png */,
				BC385C2F1D61554700C5BFA6 /* AppIcon40x40@2x.png */,
				BC385C301D61554700C5BFA6 /* AppIcon40x40@3x.png */,
				BC385C311D61554700C5BFA6 /* AppIcon60x60@2x.png */,
				BC385C321D61554700C5BFA6 /* AppIcon60x60@3x.png */,
			);
			path = Appicon;
			sourceTree = "<group>";
		};
		BCED359C1D62A173006664B3 /* tabbar */ = {
			isa = PBXGroup;
			children = (
				BCED359D1D62A173006664B3 /* community_normal@2x.png */,
				BCED359E1D62A173006664B3 /* community_normal@3x.png */,
				BCED359F1D62A173006664B3 /* community_select@2x.png */,
				BCED35A01D62A173006664B3 /* community_select@3x.png */,
				BCED35A11D62A173006664B3 /* home_normal@2x.png */,
				BCED35A21D62A173006664B3 /* home_normal@3x.png */,
				BCED35A31D62A173006664B3 /* home_select@2x.png */,
				BCED35A41D62A173006664B3 /* home_select@3x.png */,
				BCED35A51D62A173006664B3 /* mine_normal@2x.png */,
				BCED35A61D62A173006664B3 /* mine_normal@3x.png */,
				BCED35A71D62A173006664B3 /* mine_select@2x.png */,
				BCED35A81D62A173006664B3 /* mine_select@3x.png */,
				BCED35A91D62A173006664B3 /* report_normal@2x.png */,
				BCED35AA1D62A173006664B3 /* report_normal@3x.png */,
				BCED35AB1D62A173006664B3 /* report_select@2x.png */,
				BCED35AC1D62A173006664B3 /* report_select@3x.png */,
				BCED35AD1D62A173006664B3 /* shike_normal@2x.png */,
				BCED35AE1D62A173006664B3 /* shike_normal@3x.png */,
				BCED35AF1D62A173006664B3 /* shike_select@2x.png */,
				BCED35B01D62A173006664B3 /* shike_select@3x.png */,
				BCED35B11D62A173006664B3 /* shop_normal@2x.png */,
				BCED35B21D62A173006664B3 /* shop_normal@3x.png */,
				BCED35B31D62A173006664B3 /* shop_select@2x.png */,
				BCED35B41D62A173006664B3 /* shop_select@3x.png */,
			);
			path = tabbar;
			sourceTree = "<group>";
		};
		BCED35CF1D62B9D4006664B3 /* launchImages */ = {
			isa = PBXGroup;
			children = (
				BCED35D01D62B9D4006664B3 /* LaunchImage-700-568h@2x.png */,
				BCED35D11D62B9D4006664B3 /* LaunchImage-700@2x.png */,
				BCED35D21D62B9D4006664B3 /* LaunchImage-800-667h@2x.png */,
				BCED35D31D62B9D4006664B3 /* LaunchImage-800-Landscape-736h@3x.png */,
				BCED35D41D62B9D4006664B3 /* LaunchImage-800-Portrait-736h@3x.png */,
			);
			path = launchImages;
			sourceTree = "<group>";
		};
		BCED35D51D62B9D4006664B3 /* nav */ = {
			isa = PBXGroup;
			children = (
				BCED35D61D62B9D4006664B3 /* nav_back_black.png */,
				BCED35D71D62B9D4006664B3 /* nav_back_white.png */,
				BCED35D81D62B9D4006664B3 /* navBar.png */,
				BCED35D91D62B9D4006664B3 /* navBtn_bag.png */,
				BCED35DA1D62B9D4006664B3 /* saoyisao@2x.png */,
				BCED35DB1D62B9D4006664B3 /* saoyisao@3x.png */,
				BCED35DC1D62B9D4006664B3 /* search@2x.png */,
				BCED35DD1D62B9D4006664B3 /* search@3x.png */,
			);
			path = nav;
			sourceTree = "<group>";
		};
		BCED35ED1D62C61C006664B3 /* recommend */ = {
			isa = PBXGroup;
			children = (
				BCED35EE1D62C61C006664B3 /* controller */,
				BCED35EF1D62C61C006664B3 /* model */,
				BCED35F01D62C61C006664B3 /* view */,
			);
			path = recommend;
			sourceTree = "<group>";
		};
		BCED35EE1D62C61C006664B3 /* controller */ = {
			isa = PBXGroup;
			children = (
			);
			path = controller;
			sourceTree = "<group>";
		};
		BCED35EF1D62C61C006664B3 /* model */ = {
			isa = PBXGroup;
			children = (
				BCED35F11D62C657006664B3 /* CBRecommendModel.swift */,
			);
			path = model;
			sourceTree = "<group>";
		};
		BCED35F01D62C61C006664B3 /* view */ = {
			isa = PBXGroup;
			children = (
				BCF33FC71D63FBAB00F458CF /* CBRecommendView.swift */,
				BCF33FC91D63FF4600F458CF /* CBRecommendADCell.swift */,
				BCF33FCA1D63FF4600F458CF /* CBRecommendADCell.xib */,
				BCF33FD21D64174F00F458CF /* CBRecommendLikeCell.swift */,
				BCF33FD31D64174F00F458CF /* CBRecommendLikeCell.xib */,
				BCED57971D655AEB00BA868F /* CBSearchHeaderView.swift */,
				BCED579D1D65631500BA868F /* CBRedPacketCell.swift */,
				BCED579E1D65631500BA868F /* CBRedPacketCell.xib */,
				BCE6A6451D669433005D9748 /* CBRwcommendNewCell.swift */,
				BCE6A6461D669433005D9748 /* CBRwcommendNewCell.xib */,
				BCE6A64F1D66AAFC005D9748 /* CBHeaderView.swift */,
				BCE6A6531D66B157005D9748 /* CBSpecialCell.swift */,
				BCE6A6541D66B157005D9748 /* CBSpecialCell.xib */,
			);
			path = view;
			sourceTree = "<group>";
		};
		BCED57991D65622700BA868F /* Cookbook */ = {
			isa = PBXGroup;
			children = (
				BCED579A1D65622700BA868F /* homePage */,
			);
			path = Cookbook;
			sourceTree = "<group>";
		};
		BCED579A1D65622700BA868F /* homePage */ = {
			isa = PBXGroup;
			children = (
				BCE6A6511D66AE22005D9748 /* more_icon.png */,
				BCE6A6491D66998C005D9748 /* play-A@2x.png */,
				BCE6A64A1D66998C005D9748 /* play-A@3x.png */,
				BCE6A64B1D66998C005D9748 /* play.png */,
				BCED579B1D65622700BA868F /* search1.png */,
			);
			path = homePage;
			sourceTree = "<group>";
		};
		BCF33FCF1D640A3100F458CF /* common */ = {
			isa = PBXGroup;
			children = (
				BCF33FD01D640A3100F458CF /* sdefaultImage.png */,
			);
			path = common;
			sourceTree = "<group>";
		};
/* End PBXGroup section */

/* Begin PBXNativeTarget section */
		BC385BDD1D6151B300C5BFA6 /* TestKitchen */ = {
			isa = PBXNativeTarget;
			buildConfigurationList = BC385C061D6151B400C5BFA6 /* Build configuration list for PBXNativeTarget "TestKitchen" */;
			buildPhases = (
				7446C8C5AF59F4307E5483CA /* [CP] Check Pods Manifest.lock */,
				BC385BDA1D6151B300C5BFA6 /* Sources */,
				BC385BDB1D6151B300C5BFA6 /* Frameworks */,
				BC385BDC1D6151B300C5BFA6 /* Resources */,
				6B77B42051172CB2B70CF5E6 /* [CP] Embed Pods Frameworks */,
				5A0981ECCDE1C0638394C01D /* [CP] Copy Pods Resources */,
			);
			buildRules = (
			);
			dependencies = (
			);
			name = TestKitchen;
			productName = TestKitchen;
			productReference = BC385BDE1D6151B300C5BFA6 /* TestKitchen.app */;
			productType = "com.apple.product-type.application";
		};
		BC385BF11D6151B400C5BFA6 /* TestKitchenTests */ = {
			isa = PBXNativeTarget;
			buildConfigurationList = BC385C091D6151B400C5BFA6 /* Build configuration list for PBXNativeTarget "TestKitchenTests" */;
			buildPhases = (
				BC385BEE1D6151B400C5BFA6 /* Sources */,
				BC385BEF1D6151B400C5BFA6 /* Frameworks */,
				BC385BF01D6151B400C5BFA6 /* Resources */,
			);
			buildRules = (
			);
			dependencies = (
				BC385BF41D6151B400C5BFA6 /* PBXTargetDependency */,
			);
			name = TestKitchenTests;
			productName = TestKitchenTests;
			productReference = BC385BF21D6151B400C5BFA6 /* TestKitchenTests.xctest */;
			productType = "com.apple.product-type.bundle.unit-test";
		};
		BC385BFC1D6151B400C5BFA6 /* TestKitchenUITests */ = {
			isa = PBXNativeTarget;
			buildConfigurationList = BC385C0C1D6151B400C5BFA6 /* Build configuration list for PBXNativeTarget "TestKitchenUITests" */;
			buildPhases = (
				BC385BF91D6151B400C5BFA6 /* Sources */,
				BC385BFA1D6151B400C5BFA6 /* Frameworks */,
				BC385BFB1D6151B400C5BFA6 /* Resources */,
			);
			buildRules = (
			);
			dependencies = (
				BC385BFF1D6151B400C5BFA6 /* PBXTargetDependency */,
			);
			name = TestKitchenUITests;
			productName = TestKitchenUITests;
			productReference = BC385BFD1D6151B400C5BFA6 /* TestKitchenUITests.xctest */;
			productType = "com.apple.product-type.bundle.ui-testing";
		};
/* End PBXNativeTarget section */

/* Begin PBXProject section */
		BC385BD61D6151B300C5BFA6 /* Project object */ = {
			isa = PBXProject;
			attributes = {
				LastSwiftUpdateCheck = 0730;
				LastUpgradeCheck = 0730;
				ORGANIZATIONNAME = qianfeng;
				TargetAttributes = {
					BC385BDD1D6151B300C5BFA6 = {
						CreatedOnToolsVersion = 7.3.1;
					};
					BC385BF11D6151B400C5BFA6 = {
						CreatedOnToolsVersion = 7.3.1;
						TestTargetID = BC385BDD1D6151B300C5BFA6;
					};
					BC385BFC1D6151B400C5BFA6 = {
						CreatedOnToolsVersion = 7.3.1;
						TestTargetID = BC385BDD1D6151B300C5BFA6;
					};
				};
			};
			buildConfigurationList = BC385BD91D6151B300C5BFA6 /* Build configuration list for PBXProject "TestKitchen" */;
			compatibilityVersion = "Xcode 3.2";
			developmentRegion = English;
			hasScannedForEncodings = 0;
			knownRegions = (
				en,
				Base,
			);
			mainGroup = BC385BD51D6151B300C5BFA6;
			productRefGroup = BC385BDF1D6151B300C5BFA6 /* Products */;
			projectDirPath = "";
			projectRoot = "";
			targets = (
				BC385BDD1D6151B300C5BFA6 /* TestKitchen */,
				BC385BF11D6151B400C5BFA6 /* TestKitchenTests */,
				BC385BFC1D6151B400C5BFA6 /* TestKitchenUITests */,
			);
		};
/* End PBXProject section */

/* Begin PBXResourcesBuildPhase section */
		BC385BDC1D6151B300C5BFA6 /* Resources */ = {
			isa = PBXResourcesBuildPhase;
			buildActionMask = 2147483647;
			files = (
				BC385C3B1D61554700C5BFA6 /* AppIcon40x40@2x.png in Resources */,
				BCED35BB1D62A173006664B3 /* home_select@2x.png in Resources */,
				BCED35B51D62A173006664B3 /* community_normal@2x.png in Resources */,
				BCE6A6521D66AE22005D9748 /* more_icon.png in Resources */,
				BC385C391D61554700C5BFA6 /* AppIcon29x29@2x.png in Resources */,
				BCF33FD51D64174F00F458CF /* CBRecommendLikeCell.xib in Resources */,
				BCED35B61D62A173006664B3 /* community_normal@3x.png in Resources */,
				BCE6A64C1D66998C005D9748 /* play-A@2x.png in Resources */,
				BCED35C91D62A173006664B3 /* shop_normal@2x.png in Resources */,
				BCED35B71D62A173006664B3 /* community_select@2x.png in Resources */,
				BCED57A01D65631500BA868F /* CBRedPacketCell.xib in Resources */,
				BCED35E51D62B9D4006664B3 /* navBar.png in Resources */,
				BCED35E71D62B9D4006664B3 /* saoyisao@2x.png in Resources */,
				BCED35C81D62A173006664B3 /* shike_select@3x.png in Resources */,
				BCED35B81D62A173006664B3 /* community_select@3x.png in Resources */,
				BCED35EA1D62B9D4006664B3 /* search@3x.png in Resources */,
				BC385C3C1D61554700C5BFA6 /* AppIcon40x40@3x.png in Resources */,
				BC385BEC1D6151B300C5BFA6 /* LaunchScreen.storyboard in Resources */,
				BCE6A6561D66B157005D9748 /* CBSpecialCell.xib in Resources */,
				BCED35C51D62A173006664B3 /* shike_normal@2x.png in Resources */,
				BCED35C01D62A173006664B3 /* mine_select@3x.png in Resources */,
				BCED35CA1D62A173006664B3 /* shop_normal@3x.png in Resources */,
				BCED35C21D62A173006664B3 /* report_normal@3x.png in Resources */,
				BCE6A6481D669433005D9748 /* CBRwcommendNewCell.xib in Resources */,
				BCED35E61D62B9D4006664B3 /* navBtn_bag.png in Resources */,
				BCED35E91D62B9D4006664B3 /* search@2x.png in Resources */,
				BCED35C71D62A173006664B3 /* shike_select@2x.png in Resources */,
				BCED35E11D62B9D4006664B3 /* LaunchImage-800-Landscape-736h@3x.png in Resources */,
				BCED35E01D62B9D4006664B3 /* LaunchImage-800-667h@2x.png in Resources */,
				BCE6A64D1D66998C005D9748 /* play-A@3x.png in Resources */,
				BCED35C11D62A173006664B3 /* report_normal@2x.png in Resources */,
				BCED35C41D62A173006664B3 /* report_select@3x.png in Resources */,
				BC385BE91D6151B300C5BFA6 /* Assets.xcassets in Resources */,
				BC385BE71D6151B300C5BFA6 /* Main.storyboard in Resources */,
				BCED35E31D62B9D4006664B3 /* nav_back_black.png in Resources */,
				BCED35E81D62B9D4006664B3 /* saoyisao@3x.png in Resources */,
				BCED579C1D65622700BA868F /* search1.png in Resources */,
				BCED35CC1D62A173006664B3 /* shop_select@3x.png in Resources */,
				BCED35DE1D62B9D4006664B3 /* LaunchImage-700-568h@2x.png in Resources */,
				BCED35BE1D62A173006664B3 /* mine_normal@3x.png in Resources */,
				BCED35DF1D62B9D4006664B3 /* LaunchImage-700@2x.png in Resources */,
				BCED35BD1D62A173006664B3 /* mine_normal@2x.png in Resources */,
				BC385C3D1D61554700C5BFA6 /* AppIcon60x60@2x.png in Resources */,
				BCED35CB1D62A173006664B3 /* shop_select@2x.png in Resources */,
				BCED35C61D62A173006664B3 /* shike_normal@3x.png in Resources */,
				BCED35BA1D62A173006664B3 /* home_normal@3x.png in Resources */,
				BCF33FD11D640A3100F458CF /* sdefaultImage.png in Resources */,
				BCED35BC1D62A173006664B3 /* home_select@3x.png in Resources */,
				BCED35E41D62B9D4006664B3 /* nav_back_white.png in Resources */,
				BCED35BF1D62A173006664B3 /* mine_select@2x.png in Resources */,
				BCED35B91D62A173006664B3 /* home_normal@2x.png in Resources */,
				BCE6A64E1D66998C005D9748 /* play.png in Resources */,
				BCF33FCC1D63FF4600F458CF /* CBRecommendADCell.xib in Resources */,
				BC385C3E1D61554700C5BFA6 /* AppIcon60x60@3x.png in Resources */,
				BCED35E21D62B9D4006664B3 /* LaunchImage-800-Portrait-736h@3x.png in Resources */,
				BC385C531D61642A00C5BFA6 /* Ctrl.json in Resources */,
				BCED35C31D62A173006664B3 /* report_select@2x.png in Resources */,
				BC385C3A1D61554700C5BFA6 /* AppIcon29x29@3x.png in Resources */,
			);
			runOnlyForDeploymentPostprocessing = 0;
		};
		BC385BF01D6151B400C5BFA6 /* Resources */ = {
			isa = PBXResourcesBuildPhase;
			buildActionMask = 2147483647;
			files = (
			);
			runOnlyForDeploymentPostprocessing = 0;
		};
		BC385BFB1D6151B400C5BFA6 /* Resources */ = {
			isa = PBXResourcesBuildPhase;
			buildActionMask = 2147483647;
			files = (
			);
			runOnlyForDeploymentPostprocessing = 0;
		};
/* End PBXResourcesBuildPhase section */

/* Begin PBXShellScriptBuildPhase section */
		5A0981ECCDE1C0638394C01D /* [CP] Copy Pods Resources */ = {
			isa = PBXShellScriptBuildPhase;
			buildActionMask = 2147483647;
			files = (
			);
			inputPaths = (
			);
			name = "[CP] Copy Pods Resources";
			outputPaths = (
			);
			runOnlyForDeploymentPostprocessing = 0;
			shellPath = /bin/sh;
			shellScript = "\"${SRCROOT}/Pods/Target Support Files/Pods-TestKitchen/Pods-TestKitchen-resources.sh\"\n";
			showEnvVarsInLog = 0;
		};
		6B77B42051172CB2B70CF5E6 /* [CP] Embed Pods Frameworks */ = {
			isa = PBXShellScriptBuildPhase;
			buildActionMask = 2147483647;
			files = (
			);
			inputPaths = (
			);
			name = "[CP] Embed Pods Frameworks";
			outputPaths = (
			);
			runOnlyForDeploymentPostprocessing = 0;
			shellPath = /bin/sh;
			shellScript = "\"${SRCROOT}/Pods/Target Support Files/Pods-TestKitchen/Pods-TestKitchen-frameworks.sh\"\n";
			showEnvVarsInLog = 0;
		};
		7446C8C5AF59F4307E5483CA /* [CP] Check Pods Manifest.lock */ = {
			isa = PBXShellScriptBuildPhase;
			buildActionMask = 2147483647;
			files = (
			);
			inputPaths = (
			);
			name = "[CP] Check Pods Manifest.lock";
			outputPaths = (
			);
			runOnlyForDeploymentPostprocessing = 0;
			shellPath = /bin/sh;
			shellScript = "diff \"${PODS_ROOT}/../Podfile.lock\" \"${PODS_ROOT}/Manifest.lock\" > /dev/null\nif [[ $? != 0 ]] ; then\n    cat << EOM\nerror: The sandbox is not in sync with the Podfile.lock. Run 'pod install' or update your CocoaPods installation.\nEOM\n    exit 1\nfi\n";
			showEnvVarsInLog = 0;
		};
/* End PBXShellScriptBuildPhase section */

/* Begin PBXSourcesBuildPhase section */
		BC385BDA1D6151B300C5BFA6 /* Sources */ = {
			isa = PBXSourcesBuildPhase;
			buildActionMask = 2147483647;
			files = (
				BC385BE41D6151B300C5BFA6 /* ViewController.swift in Sources */,
				BC385C471D615ABE00C5BFA6 /* BaseViewController.swift in Sources */,
				BCED57981D655AEB00BA868F /* CBSearchHeaderView.swift in Sources */,
				BC385C4B1D615B3000C5BFA6 /* CommunityViewController.swift in Sources */,
				BC385C491D615B0500C5BFA6 /* CookBookViewController.swift in Sources */,
				BCF33FD41D64174F00F458CF /* CBRecommendLikeCell.swift in Sources */,
				BC385C4D1D615B6000C5BFA6 /* MallViewController.swift in Sources */,
				BCE6A6551D66B157005D9748 /* CBSpecialCell.swift in Sources */,
				BC385C591D61753100C5BFA6 /* UIButton+Util.swift in Sources */,
				BCED579F1D65631500BA868F /* CBRedPacketCell.swift in Sources */,
				BCED57961D654BA000BA868F /* Util.swift in Sources */,
				BC385C4F1D615B8B00C5BFA6 /* FoodClassViewController.swift in Sources */,
				BC385C551D61733600C5BFA6 /* UIView+Util.swift in Sources */,
				BC385C511D615BB800C5BFA6 /* ProfileViewController.swift in Sources */,
				BC385BE21D6151B300C5BFA6 /* AppDelegate.swift in Sources */,
				BCF33FC81D63FBAB00F458CF /* CBRecommendView.swift in Sources */,
				BC385C451D615A6F00C5BFA6 /* MainTabBarController.swift in Sources */,
				BCF33FCE1D6407F700F458CF /* UIImageView+Util.swift in Sources */,
				BCED35EC1D62BD70006664B3 /* KTCDownloader.swift in Sources */,
				BC385C571D6173C500C5BFA6 /* UILabel+Util.swift in Sources */,
				BCF33FCB1D63FF4600F458CF /* CBRecommendADCell.swift in Sources */,
				BCED35CE1D62A860006664B3 /* Const.swift in Sources */,
				BCED35F21D62C657006664B3 /* CBRecommendModel.swift in Sources */,
				BCE6A6501D66AAFC005D9748 /* CBHeaderView.swift in Sources */,
				BCE6A6471D669433005D9748 /* CBRwcommendNewCell.swift in Sources */,
			);
			runOnlyForDeploymentPostprocessing = 0;
		};
		BC385BEE1D6151B400C5BFA6 /* Sources */ = {
			isa = PBXSourcesBuildPhase;
			buildActionMask = 2147483647;
			files = (
				BC385BF71D6151B400C5BFA6 /* TestKitchenTests.swift in Sources */,
			);
			runOnlyForDeploymentPostprocessing = 0;
		};
		BC385BF91D6151B400C5BFA6 /* Sources */ = {
			isa = PBXSourcesBuildPhase;
			buildActionMask = 2147483647;
			files = (
				BC385C021D6151B400C5BFA6 /* TestKitchenUITests.swift in Sources */,
			);
			runOnlyForDeploymentPostprocessing = 0;
		};
/* End PBXSourcesBuildPhase section */

/* Begin PBXTargetDependency section */
		BC385BF41D6151B400C5BFA6 /* PBXTargetDependency */ = {
			isa = PBXTargetDependency;
			target = BC385BDD1D6151B300C5BFA6 /* TestKitchen */;
			targetProxy = BC385BF31D6151B400C5BFA6 /* PBXContainerItemProxy */;
		};
		BC385BFF1D6151B400C5BFA6 /* PBXTargetDependency */ = {
			isa = PBXTargetDependency;
			target = BC385BDD1D6151B300C5BFA6 /* TestKitchen */;
			targetProxy = BC385BFE1D6151B400C5BFA6 /* PBXContainerItemProxy */;
		};
/* End PBXTargetDependency section */

/* Begin PBXVariantGroup section */
		BC385BE51D6151B300C5BFA6 /* Main.storyboard */ = {
			isa = PBXVariantGroup;
			children = (
				BC385BE61D6151B300C5BFA6 /* Base */,
			);
			name = Main.storyboard;
			sourceTree = "<group>";
		};
		BC385BEA1D6151B300C5BFA6 /* LaunchScreen.storyboard */ = {
			isa = PBXVariantGroup;
			children = (
				BC385BEB1D6151B300C5BFA6 /* Base */,
			);
			name = LaunchScreen.storyboard;
			sourceTree = "<group>";
		};
/* End PBXVariantGroup section */

/* Begin XCBuildConfiguration section */
		BC385C041D6151B400C5BFA6 /* Debug */ = {
			isa = XCBuildConfiguration;
			buildSettings = {
				ALWAYS_SEARCH_USER_PATHS = NO;
				CLANG_ANALYZER_NONNULL = YES;
				CLANG_CXX_LANGUAGE_STANDARD = "gnu++0x";
				CLANG_CXX_LIBRARY = "libc++";
				CLANG_ENABLE_MODULES = YES;
				CLANG_ENABLE_OBJC_ARC = YES;
				CLANG_WARN_BOOL_CONVERSION = YES;
				CLANG_WARN_CONSTANT_CONVERSION = YES;
				CLANG_WARN_DIRECT_OBJC_ISA_USAGE = YES_ERROR;
				CLANG_WARN_EMPTY_BODY = YES;
				CLANG_WARN_ENUM_CONVERSION = YES;
				CLANG_WARN_INT_CONVERSION = YES;
				CLANG_WARN_OBJC_ROOT_CLASS = YES_ERROR;
				CLANG_WARN_UNREACHABLE_CODE = YES;
				CLANG_WARN__DUPLICATE_METHOD_MATCH = YES;
				"CODE_SIGN_IDENTITY[sdk=iphoneos*]" = "iPhone Developer";
				COPY_PHASE_STRIP = NO;
				DEBUG_INFORMATION_FORMAT = dwarf;
				ENABLE_STRICT_OBJC_MSGSEND = YES;
				ENABLE_TESTABILITY = YES;
				GCC_C_LANGUAGE_STANDARD = gnu99;
				GCC_DYNAMIC_NO_PIC = NO;
				GCC_NO_COMMON_BLOCKS = YES;
				GCC_OPTIMIZATION_LEVEL = 0;
				GCC_PREPROCESSOR_DEFINITIONS = (
					"DEBUG=1",
					"$(inherited)",
				);
				GCC_WARN_64_TO_32_BIT_CONVERSION = YES;
				GCC_WARN_ABOUT_RETURN_TYPE = YES_ERROR;
				GCC_WARN_UNDECLARED_SELECTOR = YES;
				GCC_WARN_UNINITIALIZED_AUTOS = YES_AGGRESSIVE;
				GCC_WARN_UNUSED_FUNCTION = YES;
				GCC_WARN_UNUSED_VARIABLE = YES;
				IPHONEOS_DEPLOYMENT_TARGET = 9.3;
				MTL_ENABLE_DEBUG_INFO = YES;
				ONLY_ACTIVE_ARCH = YES;
				SDKROOT = iphoneos;
				SWIFT_OPTIMIZATION_LEVEL = "-Onone";
			};
			name = Debug;
		};
		BC385C051D6151B400C5BFA6 /* Release */ = {
			isa = XCBuildConfiguration;
			buildSettings = {
				ALWAYS_SEARCH_USER_PATHS = NO;
				CLANG_ANALYZER_NONNULL = YES;
				CLANG_CXX_LANGUAGE_STANDARD = "gnu++0x";
				CLANG_CXX_LIBRARY = "libc++";
				CLANG_ENABLE_MODULES = YES;
				CLANG_ENABLE_OBJC_ARC = YES;
				CLANG_WARN_BOOL_CONVERSION = YES;
				CLANG_WARN_CONSTANT_CONVERSION = YES;
				CLANG_WARN_DIRECT_OBJC_ISA_USAGE = YES_ERROR;
				CLANG_WARN_EMPTY_BODY = YES;
				CLANG_WARN_ENUM_CONVERSION = YES;
				CLANG_WARN_INT_CONVERSION = YES;
				CLANG_WARN_OBJC_ROOT_CLASS = YES_ERROR;
				CLANG_WARN_UNREACHABLE_CODE = YES;
				CLANG_WARN__DUPLICATE_METHOD_MATCH = YES;
				"CODE_SIGN_IDENTITY[sdk=iphoneos*]" = "iPhone Developer";
				COPY_PHASE_STRIP = NO;
				DEBUG_INFORMATION_FORMAT = "dwarf-with-dsym";
				ENABLE_NS_ASSERTIONS = NO;
				ENABLE_STRICT_OBJC_MSGSEND = YES;
				GCC_C_LANGUAGE_STANDARD = gnu99;
				GCC_NO_COMMON_BLOCKS = YES;
				GCC_WARN_64_TO_32_BIT_CONVERSION = YES;
				GCC_WARN_ABOUT_RETURN_TYPE = YES_ERROR;
				GCC_WARN_UNDECLARED_SELECTOR = YES;
				GCC_WARN_UNINITIALIZED_AUTOS = YES_AGGRESSIVE;
				GCC_WARN_UNUSED_FUNCTION = YES;
				GCC_WARN_UNUSED_VARIABLE = YES;
				IPHONEOS_DEPLOYMENT_TARGET = 9.3;
				MTL_ENABLE_DEBUG_INFO = NO;
				SDKROOT = iphoneos;
				VALIDATE_PRODUCT = YES;
			};
			name = Release;
		};
		BC385C071D6151B400C5BFA6 /* Debug */ = {
			isa = XCBuildConfiguration;
			baseConfigurationReference = 08DB5A6CBD10F2116D781225 /* Pods-TestKitchen.debug.xcconfig */;
			buildSettings = {
				ASSETCATALOG_COMPILER_APPICON_NAME = AppIcon;
				ASSETCATALOG_COMPILER_LAUNCHIMAGE_NAME = LaunchImage;
				INFOPLIST_FILE = TestKitchen/Info.plist;
				IPHONEOS_DEPLOYMENT_TARGET = 9.0;
				LD_RUNPATH_SEARCH_PATHS = "$(inherited) @executable_path/Frameworks";
				PRODUCT_BUNDLE_IDENTIFIER = com.qianfeng.TestKitchen;
				PRODUCT_NAME = "$(TARGET_NAME)";
			};
			name = Debug;
		};
		BC385C081D6151B400C5BFA6 /* Release */ = {
			isa = XCBuildConfiguration;
			baseConfigurationReference = D1A8F43A0DBE58EF90FB6B2F /* Pods-TestKitchen.release.xcconfig */;
			buildSettings = {
				ASSETCATALOG_COMPILER_APPICON_NAME = AppIcon;
				ASSETCATALOG_COMPILER_LAUNCHIMAGE_NAME = LaunchImage;
				INFOPLIST_FILE = TestKitchen/Info.plist;
				IPHONEOS_DEPLOYMENT_TARGET = 9.0;
				LD_RUNPATH_SEARCH_PATHS = "$(inherited) @executable_path/Frameworks";
				PRODUCT_BUNDLE_IDENTIFIER = com.qianfeng.TestKitchen;
				PRODUCT_NAME = "$(TARGET_NAME)";
			};
			name = Release;
		};
		BC385C0A1D6151B400C5BFA6 /* Debug */ = {
			isa = XCBuildConfiguration;
			buildSettings = {
				BUNDLE_LOADER = "$(TEST_HOST)";
				INFOPLIST_FILE = TestKitchenTests/Info.plist;
				LD_RUNPATH_SEARCH_PATHS = "$(inherited) @executable_path/Frameworks @loader_path/Frameworks";
				PRODUCT_BUNDLE_IDENTIFIER = com.qianfeng.TestKitchenTests;
				PRODUCT_NAME = "$(TARGET_NAME)";
				TEST_HOST = "$(BUILT_PRODUCTS_DIR)/TestKitchen.app/TestKitchen";
			};
			name = Debug;
		};
		BC385C0B1D6151B400C5BFA6 /* Release */ = {
			isa = XCBuildConfiguration;
			buildSettings = {
				BUNDLE_LOADER = "$(TEST_HOST)";
				INFOPLIST_FILE = TestKitchenTests/Info.plist;
				LD_RUNPATH_SEARCH_PATHS = "$(inherited) @executable_path/Frameworks @loader_path/Frameworks";
				PRODUCT_BUNDLE_IDENTIFIER = com.qianfeng.TestKitchenTests;
				PRODUCT_NAME = "$(TARGET_NAME)";
				TEST_HOST = "$(BUILT_PRODUCTS_DIR)/TestKitchen.app/TestKitchen";
			};
			name = Release;
		};
		BC385C0D1D6151B400C5BFA6 /* Debug */ = {
			isa = XCBuildConfiguration;
			buildSettings = {
				INFOPLIST_FILE = TestKitchenUITests/Info.plist;
				LD_RUNPATH_SEARCH_PATHS = "$(inherited) @executable_path/Frameworks @loader_path/Frameworks";
				PRODUCT_BUNDLE_IDENTIFIER = com.qianfeng.TestKitchenUITests;
				PRODUCT_NAME = "$(TARGET_NAME)";
				TEST_TARGET_NAME = TestKitchen;
			};
			name = Debug;
		};
		BC385C0E1D6151B400C5BFA6 /* Release */ = {
			isa = XCBuildConfiguration;
			buildSettings = {
				INFOPLIST_FILE = TestKitchenUITests/Info.plist;
				LD_RUNPATH_SEARCH_PATHS = "$(inherited) @executable_path/Frameworks @loader_path/Frameworks";
				PRODUCT_BUNDLE_IDENTIFIER = com.qianfeng.TestKitchenUITests;
				PRODUCT_NAME = "$(TARGET_NAME)";
				TEST_TARGET_NAME = TestKitchen;
			};
			name = Release;
		};
/* End XCBuildConfiguration section */

/* Begin XCConfigurationList section */
		BC385BD91D6151B300C5BFA6 /* Build configuration list for PBXProject "TestKitchen" */ = {
			isa = XCConfigurationList;
			buildConfigurations = (
				BC385C041D6151B400C5BFA6 /* Debug */,
				BC385C051D6151B400C5BFA6 /* Release */,
			);
			defaultConfigurationIsVisible = 0;
			defaultConfigurationName = Release;
		};
		BC385C061D6151B400C5BFA6 /* Build configuration list for PBXNativeTarget "TestKitchen" */ = {
			isa = XCConfigurationList;
			buildConfigurations = (
				BC385C071D6151B400C5BFA6 /* Debug */,
				BC385C081D6151B400C5BFA6 /* Release */,
			);
			defaultConfigurationIsVisible = 0;
			defaultConfigurationName = Release;
		};
		BC385C091D6151B400C5BFA6 /* Build configuration list for PBXNativeTarget "TestKitchenTests" */ = {
			isa = XCConfigurationList;
			buildConfigurations = (
				BC385C0A1D6151B400C5BFA6 /* Debug */,
				BC385C0B1D6151B400C5BFA6 /* Release */,
			);
			defaultConfigurationIsVisible = 0;
			defaultConfigurationName = Release;
		};
		BC385C0C1D6151B400C5BFA6 /* Build configuration list for PBXNativeTarget "TestKitchenUITests" */ = {
			isa = XCConfigurationList;
			buildConfigurations = (
				BC385C0D1D6151B400C5BFA6 /* Debug */,
				BC385C0E1D6151B400C5BFA6 /* Release */,
			);
			defaultConfigurationIsVisible = 0;
			defaultConfigurationName = Release;
		};
/* End XCConfigurationList section */
	};
	rootObject = BC385BD61D6151B300C5BFA6 /* Project object */;
}
